
Microsoft Visual Studio Solution File, Format Version 12.00
# Visual Studio Version 17
VisualStudioVersion = 17.1.32319.34
MinimumVisualStudioVersion = 10.0.40219.1
Project("{9A19103F-16F7-4668-BE54-9A1E7A4F7556}") = "TM.EventService.Domain", "TM.EventService.Domain\TM.EventService.Domain.csproj", "{5E8CB8E3-F67B-464A-9A37-207AC10B6D1D}"
EndProject
Project("{9A19103F-16F7-4668-BE54-9A1E7A4F7556}") = "TM.EventService.Infrastructure", "TM.EventService.Infrastructure\TM.EventService.Infrastructure.csproj", "{C530C512-98D5-4230-98F1-6431A5D2BE37}"
EndProject
Project("{9A19103F-16F7-4668-BE54-9A1E7A4F7556}") = "TM.EventService.UnitTests", "TM.EventService.UnitTests\TM.EventService.UnitTests.csproj", "{F3B9466D-D29F-417B-95FC-4C894A6AE51A}"
EndProject
Project("{9A19103F-16F7-4668-BE54-9A1E7A4F7556}") = "TM.EventService.Api", "TM.EventService.Api\TM.EventService.Api.csproj", "{B3C4AD8F-216B-4EFF-9734-F283671EEA75}"
EndProject
Global
	GlobalSection(SolutionConfigurationPlatforms) = preSolution
		Debug|Any CPU = Debug|Any CPU
		Release|Any CPU = Release|Any CPU
	EndGlobalSection
	GlobalSection(ProjectConfigurationPlatforms) = postSolution
		{5E8CB8E3-F67B-464A-9A37-207AC10B6D1D}.Debug|Any CPU.ActiveCfg = Debug|Any CPU
		{5E8CB8E3-F67B-464A-9A37-207AC10B6D1D}.Debug|Any CPU.Build.0 = Debug|Any CPU
		{5E8CB8E3-F67B-464A-9A37-207AC10B6D1D}.Release|Any CPU.ActiveCfg = Release|Any CPU
		{5E8CB8E3-F67B-464A-9A37-207AC10B6D1D}.Release|Any CPU.Build.0 = Release|Any CPU
		{C530C512-98D5-4230-98F1-6431A5D2BE37}.Debug|Any CPU.ActiveCfg = Debug|Any CPU
		{C530C512-98D5-4230-98F1-6431A5D2BE37}.Debug|Any CPU.Build.0 = Debug|Any CPU
		{C530C512-98D5-4230-98F1-6431A5D2BE37}.Release|Any CPU.ActiveCfg = Release|Any CPU
		{C530C512-98D5-4230-98F1-6431A5D2BE37}.Release|Any CPU.Build.0 = Release|Any CPU
		{F3B9466D-D29F-417B-95FC-4C894A6AE51A}.Debug|Any CPU.ActiveCfg = Debug|Any CPU
		{F3B9466D-D29F-417B-95FC-4C894A6AE51A}.Debug|Any CPU.Build.0 = Debug|Any CPU
		{F3B9466D-D29F-417B-95FC-4C894A6AE51A}.Release|Any CPU.ActiveCfg = Release|Any CPU
		{F3B9466D-D29F-417B-95FC-4C894A6AE51A}.Release|Any CPU.Build.0 = Release|Any CPU
		{B3C4AD8F-216B-4EFF-9734-F283671EEA75}.Debug|Any CPU.ActiveCfg = Debug|Any CPU
		{B3C4AD8F-216B-4EFF-9734-F283671EEA75}.Debug|Any CPU.Build.0 = Debug|Any CPU
		{B3C4AD8F-216B-4EFF-9734-F283671EEA75}.Release|Any CPU.ActiveCfg = Release|Any CPU
		{B3C4AD8F-216B-4EFF-9734-F283671EEA75}.Release|Any CPU.Build.0 = Release|Any CPU
	EndGlobalSection
	GlobalSection(SolutionProperties) = preSolution
		HideSolutionNode = FALSE
	EndGlobalSection
	GlobalSection(ExtensibilityGlobals) = postSolution
		SolutionGuid = {933272A7-E142-4A29-B0BE-AD6538B7CCB8}
	EndGlobalSection
EndGlobal
